
Microsoft Visual Studio Solution File, Format Version 12.00
# Visual Studio Version 17
VisualStudioVersion = 17.11.35312.102
MinimumVisualStudioVersion = 10.0.40219.1
Project("{FAE04EC0-301F-11D3-BF4B-00C04F79EFBC}") = "De02", "De02\De02.csproj", "{42C9795A-B243-4F8B-B415-50E4EDDF20C0}"
EndProject
Global
	GlobalSection(SolutionConfigurationPlatforms) = preSolution
		Debug|Any CPU = Debug|Any CPU
		Release|Any CPU = Release|Any CPU
	EndGlobalSection
	GlobalSection(ProjectConfigurationPlatforms) = postSolution
		{42C9795A-B243-4F8B-B415-50E4EDDF20C0}.Debug|Any CPU.ActiveCfg = Debug|Any CPU
		{42C9795A-B243-4F8B-B415-50E4EDDF20C0}.Debug|Any CPU.Build.0 = Debug|Any CPU
		{42C9795A-B243-4F8B-B415-50E4EDDF20C0}.Release|Any CPU.ActiveCfg = Release|Any CPU
		{42C9795A-B243-4F8B-B415-50E4EDDF20C0}.Release|Any CPU.Build.0 = Release|Any CPU
	EndGlobalSection
	GlobalSection(SolutionProperties) = preSolution
		HideSolutionNode = FALSE
	EndGlobalSection
	GlobalSection(ExtensibilityGlobals) = postSolution
		SolutionGuid = {E1A883BC-BE2B-4A23-84DB-607C121D5FAD}
	EndGlobalSection
EndGlobal
